
Microsoft Visual Studio Solution File, Format Version 12.00
# Visual Studio Version 16
VisualStudioVersion = 16.0.30907.101
MinimumVisualStudioVersion = 10.0.40219.1
Project("{FAE04EC0-301F-11D3-BF4B-00C04F79EFBC}") = "FleksbitWebJob", "FleksbitWebJob\FleksbitWebJob.csproj", "{D9CD186D-3511-40EE-9885-0E712AE07DB9}"
EndProject
Project("{FAE04EC0-301F-11D3-BF4B-00C04F79EFBC}") = "UploadPortal", "UploadPortal\UploadPortal.csproj", "{67A916E3-E1FA-4873-A883-B2948E23FE12}"
EndProject
Global
	GlobalSection(SolutionConfigurationPlatforms) = preSolution
		Debug|Any CPU = Debug|Any CPU
		Release|Any CPU = Release|Any CPU
	EndGlobalSection
	GlobalSection(ProjectConfigurationPlatforms) = postSolution
		{D9CD186D-3511-40EE-9885-0E712AE07DB9}.Debug|Any CPU.ActiveCfg = Debug|Any CPU
		{D9CD186D-3511-40EE-9885-0E712AE07DB9}.Debug|Any CPU.Build.0 = Debug|Any CPU
		{D9CD186D-3511-40EE-9885-0E712AE07DB9}.Release|Any CPU.ActiveCfg = Release|Any CPU
		{D9CD186D-3511-40EE-9885-0E712AE07DB9}.Release|Any CPU.Build.0 = Release|Any CPU
		{67A916E3-E1FA-4873-A883-B2948E23FE12}.Debug|Any CPU.ActiveCfg = Debug|Any CPU
		{67A916E3-E1FA-4873-A883-B2948E23FE12}.Debug|Any CPU.Build.0 = Debug|Any CPU
		{67A916E3-E1FA-4873-A883-B2948E23FE12}.Release|Any CPU.ActiveCfg = Release|Any CPU
		{67A916E3-E1FA-4873-A883-B2948E23FE12}.Release|Any CPU.Build.0 = Release|Any CPU
	EndGlobalSection
	GlobalSection(SolutionProperties) = preSolution
		HideSolutionNode = FALSE
	EndGlobalSection
	GlobalSection(ExtensibilityGlobals) = postSolution
		SolutionGuid = {FD62826A-0819-4930-B5A4-8BF49D3B1BB4}
	EndGlobalSection
EndGlobal
